
Microsoft Visual Studio Solution File, Format Version 12.00
# Visual Studio Version 16
VisualStudioVersion = 16.0.28803.452
MinimumVisualStudioVersion = 10.0.40219.1
Project("{9A19103F-16F7-4668-BE54-9A1E7A4F7556}") = "Aksl.AzureServiceBus.Queue", "Aksl.AzureServiceBus.Queue\Aksl.AzureServiceBus.Queue.csproj", "{CE74CDA6-E56B-4845-97AB-627FEE6B08B7}"
EndProject
Project("{9A19103F-16F7-4668-BE54-9A1E7A4F7556}") = "Microsoft.Azure.ServiceBus", "Microsoft.Azure.ServiceBus\Microsoft.Azure.ServiceBus.csproj", "{474B478D-4323-435E-949C-C6B9372EFD3C}"
EndProject
Global
	GlobalSection(SolutionConfigurationPlatforms) = preSolution
		Debug|Any CPU = Debug|Any CPU
		Debug|x86 = Debug|x86
		Release|Any CPU = Release|Any CPU
		Release|x86 = Release|x86
	EndGlobalSection
	GlobalSection(ProjectConfigurationPlatforms) = postSolution
		{CE74CDA6-E56B-4845-97AB-627FEE6B08B7}.Debug|Any CPU.ActiveCfg = Debug|Any CPU
		{CE74CDA6-E56B-4845-97AB-627FEE6B08B7}.Debug|Any CPU.Build.0 = Debug|Any CPU
		{CE74CDA6-E56B-4845-97AB-627FEE6B08B7}.Debug|x86.ActiveCfg = Debug|x86
		{CE74CDA6-E56B-4845-97AB-627FEE6B08B7}.Debug|x86.Build.0 = Debug|x86
		{CE74CDA6-E56B-4845-97AB-627FEE6B08B7}.Release|Any CPU.ActiveCfg = Release|Any CPU
		{CE74CDA6-E56B-4845-97AB-627FEE6B08B7}.Release|Any CPU.Build.0 = Release|Any CPU
		{CE74CDA6-E56B-4845-97AB-627FEE6B08B7}.Release|x86.ActiveCfg = Release|x86
		{CE74CDA6-E56B-4845-97AB-627FEE6B08B7}.Release|x86.Build.0 = Release|x86
		{474B478D-4323-435E-949C-C6B9372EFD3C}.Debug|Any CPU.ActiveCfg = Debug|Any CPU
		{474B478D-4323-435E-949C-C6B9372EFD3C}.Debug|Any CPU.Build.0 = Debug|Any CPU
		{474B478D-4323-435E-949C-C6B9372EFD3C}.Debug|x86.ActiveCfg = Debug|Any CPU
		{474B478D-4323-435E-949C-C6B9372EFD3C}.Debug|x86.Build.0 = Debug|Any CPU
		{474B478D-4323-435E-949C-C6B9372EFD3C}.Release|Any CPU.ActiveCfg = Release|Any CPU
		{474B478D-4323-435E-949C-C6B9372EFD3C}.Release|Any CPU.Build.0 = Release|Any CPU
		{474B478D-4323-435E-949C-C6B9372EFD3C}.Release|x86.ActiveCfg = Release|Any CPU
		{474B478D-4323-435E-949C-C6B9372EFD3C}.Release|x86.Build.0 = Release|Any CPU
	EndGlobalSection
	GlobalSection(SolutionProperties) = preSolution
		HideSolutionNode = FALSE
	EndGlobalSection
	GlobalSection(ExtensibilityGlobals) = postSolution
		SolutionGuid = {7E0D9F9D-A3B9-4623-A7C8-4F00C0EF2525}
	EndGlobalSection
EndGlobal
